{
  "name": "@balticcode/ngx-hotkeys",
  "version": "1.0.1",
  "lockfileVersion": 1,
  "requires": true,
  "dependencies": {
    "@types/mousetrap": {
      "version": "1.6.0",
      "resolved": "https://registry.npmjs.org/@types/mousetrap/-/mousetrap-1.6.0.tgz",
      "integrity": "sha512-Jn2cF8X6RAMiSmJaATGjf2r3GzIfpZQpvnQhKprQ5sAbMaNXc7hc9sA2XHdMl3bEMEQhTV79JVW7n4Pgg7sjtg==",
      "dev": true
    },
    "mousetrap": {
      "version": "1.6.1",
      "resolved": "https://registry.npmjs.org/mousetrap/-/mousetrap-1.6.1.tgz",
      "integrity": "sha1-KghfXHUSlMdefoH27CVFspy/Qtk="
    }
  }
}
